
Microsoft Visual Studio Solution File, Format Version 12.00
# Visual Studio Version 16
VisualStudioVersion = 16.0.31019.35
MinimumVisualStudioVersion = 10.0.40219.1
Project("{888888A0-9F3D-457C-B088-3A5042F75D52}") = "decrypt", "decrypt\decrypt.pyproj", "{F1239158-0905-40FF-88CA-EBB41F0F8662}"
EndProject
Global
	GlobalSection(SolutionConfigurationPlatforms) = preSolution
		Debug|Any CPU = Debug|Any CPU
		Release|Any CPU = Release|Any CPU
	EndGlobalSection
	GlobalSection(ProjectConfigurationPlatforms) = postSolution
		{F1239158-0905-40FF-88CA-EBB41F0F8662}.Debug|Any CPU.ActiveCfg = Debug|Any CPU
		{F1239158-0905-40FF-88CA-EBB41F0F8662}.Release|Any CPU.ActiveCfg = Release|Any CPU
	EndGlobalSection
	GlobalSection(SolutionProperties) = preSolution
		HideSolutionNode = FALSE
	EndGlobalSection
	GlobalSection(ExtensibilityGlobals) = postSolution
		SolutionGuid = {1D4C28D5-91F8-4954-BBAF-782C22388973}
	EndGlobalSection
EndGlobal
